
Microsoft Visual Studio Solution File, Format Version 12.00
# Visual Studio Version 16
VisualStudioVersion = 16.0.29306.81
MinimumVisualStudioVersion = 10.0.40219.1
Project("{FAE04EC0-301F-11D3-BF4B-00C04F79EFBC}") = "Open-Lab-02.6", "Open-Lab-02.6\Open-Lab-02.6.csproj", "{63756640-28D1-4F1C-A32A-21A60B1EEB23}"
EndProject
Global
	GlobalSection(SolutionConfigurationPlatforms) = preSolution
		Debug|Any CPU = Debug|Any CPU
		Release|Any CPU = Release|Any CPU
	EndGlobalSection
	GlobalSection(ProjectConfigurationPlatforms) = postSolution
		{63756640-28D1-4F1C-A32A-21A60B1EEB23}.Debug|Any CPU.ActiveCfg = Debug|Any CPU
		{63756640-28D1-4F1C-A32A-21A60B1EEB23}.Debug|Any CPU.Build.0 = Debug|Any CPU
		{63756640-28D1-4F1C-A32A-21A60B1EEB23}.Release|Any CPU.ActiveCfg = Release|Any CPU
		{63756640-28D1-4F1C-A32A-21A60B1EEB23}.Release|Any CPU.Build.0 = Release|Any CPU
	EndGlobalSection
	GlobalSection(SolutionProperties) = preSolution
		HideSolutionNode = FALSE
	EndGlobalSection
	GlobalSection(ExtensibilityGlobals) = postSolution
		SolutionGuid = {88DBA261-5A82-4804-89C7-7C7152EC7530}
	EndGlobalSection
EndGlobal
